<?xml version="1.0" encoding="utf-8"?>
<Project ToolsVersion="4.0" xmlns="http://schemas.microsoft.com/developer/msbuild/2003">
  <ItemGroup>
    <ClCompile Include="pch.cpp" />
    <ClCompile Include="test_helpers.h" />
    <ClCompile Include="Source.cpp" />
    <ClCompile Include="WindowsFunctions.cpp" />
    <ClCompile Include="WindowsSystemFunctions.cpp" />
    <ClCompile Include="ModbusArrayTests.cpp" />
    <ClCompile Include="ModbusMemoryTests.cpp" />
    <ClCompile Include="ModbusSerialTests.cpp" />
    <ClCompile Include="MockSerialStreamTests.cpp" />
    <ClCompile Include="ModbusSlaveTests.cpp" />
    <ClCompile Include="ModbusTests.cpp" />
    <ClCompile Include="ModbusMasterTests.cpp" />
    <ClCompile Include="ResilientTaskTests.cpp" />
    <ClCompile Include="ModbusIntegrationTests.cpp" />
    <ClCompile Include="SlaveTests.cpp" />
    <ClCompile Include="DeviceDirectoryTests.cpp" />
    <ClCompile Include="AsyncAwaitTests.cpp" />
    <ClCompile Include="MasterTests.cpp" />
    <ClCompile Include="MasterSlaveIntegrationTests.cpp" />
    <ClCompile Include="TimeManagerTests.cpp" />
    <ClCompile Include="DataCollectorDeviceTests.cpp" />
    <ClCompile Include="BitFunctionsTests.cpp" />
    <ClCompile Include="test_helpers.cpp" />
    <ClCompile Include="DebugMacrosTests.cpp" />
    <ClCompile Include="DenseShiftBufferTests.cpp" />
    <ClCompile Include="PulseMeterTests.cpp" />
  </ItemGroup>
  <ItemGroup>
    <ClInclude Include="pch.h" />
    <ClInclude Include="WindowsFunctions.h" />
    <ClInclude Include="WindowsSystemFunctions.h" />
    <ClInclude Include="PointerTracker.h" />
    <ClInclude Include="GTA_Traits_1.8.0.h" />
  </ItemGroup>
  <ItemGroup>
    <None Include="packages.config" />
  </ItemGroup>
</Project>