<?xml version="1.0" encoding="utf-8"?>
<Project ToolsVersion="4.0" xmlns="http://schemas.microsoft.com/developer/msbuild/2003">
  <ItemGroup>
    <ClCompile Include="TestClass.cpp" />
    <ClCompile Include="program.cpp" />
    <ClCompile Include="MockSerialStream.cpp">
      <Filter>Mock</Filter>
    </ClCompile>
    <ClCompile Include="Modbus.cpp" />
  </ItemGroup>
  <ItemGroup>
    <ClInclude Include="TestClass.h" />
    <ClInclude Include="ISerialStream.h">
      <Filter>Interfaces</Filter>
    </ClInclude>
    <ClInclude Include="MockSerialStream.h">
      <Filter>Mock</Filter>
    </ClInclude>
    <ClInclude Include="crc16.h" />
    <ClInclude Include="functions.h" />
    <ClInclude Include="GlobalDefs.h" />
    <ClInclude Include="Modbus.h" />
    <ClInclude Include="word.h" />
    <ClInclude Include="ModbusMaster.h" />
    <ClInclude Include="ModbusSerial.h" />
  </ItemGroup>
  <ItemGroup>
    <Filter Include="Interfaces">
      <UniqueIdentifier>{acf0fdc7-f8c3-4677-be44-ed45ba208430}</UniqueIdentifier>
    </Filter>
    <Filter Include="Libraries">
      <UniqueIdentifier>{1a25e1c1-5a91-4165-b4e0-5cc2c57da420}</UniqueIdentifier>
    </Filter>
    <Filter Include="General">
      <UniqueIdentifier>{3872f431-4ae4-4ba9-bbfb-9a0990fa0489}</UniqueIdentifier>
    </Filter>
    <Filter Include="Mock">
      <UniqueIdentifier>{2b8fde95-dcb3-4197-a178-25c2e00ee2ad}</UniqueIdentifier>
    </Filter>
  </ItemGroup>
</Project>