<?xml version="1.0" encoding="utf-8"?>
<Project ToolsVersion="4.0" xmlns="http://schemas.microsoft.com/developer/msbuild/2003">
  <ItemGroup>
    <ClCompile Include="program.cpp" />
    <ClCompile Include="libraries\modbus\Modbus.cpp">
      <Filter>libraries\modbus</Filter>
    </ClCompile>
    <ClCompile Include="libraries\modbus\ModbusArray.cpp">
      <Filter>libraries\modbus</Filter>
    </ClCompile>
    <ClCompile Include="mock\MockSerialStream.cpp">
      <Filter>mock</Filter>
    </ClCompile>
    <ClCompile Include="noArduino\ModbusMemory.cpp">
      <Filter>noArduino</Filter>
    </ClCompile>
    <ClCompile Include="noArduino\SystemFunctions.cpp">
      <Filter>noArduino</Filter>
    </ClCompile>
    <ClCompile Include="libraries\arduinoClasses\ArduinoSerial.cpp">
      <Filter>libraries\arduinoClasses</Filter>
    </ClCompile>
    <ClCompile Include="libraries\arduinoClasses\ArduinoSystem.cpp">
      <Filter>libraries\arduinoClasses</Filter>
    </ClCompile>
    <ClCompile Include="libraries\random\Random.cpp">
      <Filter>libraries\random</Filter>
    </ClCompile>
    <ClCompile Include="libraries\timeManager\TimeManager.cpp">
      <Filter>libraries\timeManager</Filter>
    </ClCompile>
    <ClCompile Include="libraries\device\DataCollectorDevice.cpp">
      <Filter>libraries\device</Filter>
    </ClCompile>
    <ClCompile Include="libraries\device\Device.cpp">
      <Filter>libraries\device</Filter>
    </ClCompile>
    <ClCompile Include="libraries\device\DataTransmitterDevice.cpp">
      <Filter>libraries\device</Filter>
    </ClCompile>
  </ItemGroup>
  <ItemGroup>
    <ClInclude Include="libraries\modbus\Modbus.h">
      <Filter>libraries\modbus</Filter>
    </ClInclude>
    <ClInclude Include="libraries\modbus\ModbusArray.h">
      <Filter>libraries\modbus</Filter>
    </ClInclude>
    <ClInclude Include="libraries\modbus\ModbusSerial.hpp">
      <Filter>libraries\modbus</Filter>
    </ClInclude>
    <ClInclude Include="mock\MockSerialStream.h">
      <Filter>mock</Filter>
    </ClInclude>
    <ClInclude Include="noArduino\ArduinoMacros.h">
      <Filter>noArduino</Filter>
    </ClInclude>
    <ClInclude Include="noArduino\ModbusMemory.h">
      <Filter>noArduino</Filter>
    </ClInclude>
    <ClInclude Include="noArduino\SystemFunctions.h">
      <Filter>noArduino</Filter>
    </ClInclude>
    <ClInclude Include="interfaces\ISerialStream.h">
      <Filter>interfaces</Filter>
    </ClInclude>
    <ClInclude Include="interfaces\ISystemFunctions.h">
      <Filter>interfaces</Filter>
    </ClInclude>
    <ClInclude Include="libraries\modbusSlave\ModbusSlave.hpp">
      <Filter>libraries\modbusSlave</Filter>
    </ClInclude>
    <ClInclude Include="libraries\modbusMaster\ModbusMaster.hpp">
      <Filter>libraries\modbusMaster</Filter>
    </ClInclude>
    <ClInclude Include="libraries\arduinoClasses\ArduinoSerial.h">
      <Filter>libraries\arduinoClasses</Filter>
    </ClInclude>
    <ClInclude Include="libraries\arduinoClasses\ArduinoSystem.h">
      <Filter>libraries\arduinoClasses</Filter>
    </ClInclude>
    <ClInclude Include="noArduino\TestHelpers.h">
      <Filter>noArduino</Filter>
    </ClInclude>
    <ClInclude Include="libraries\random\Random.h">
      <Filter>libraries\random</Filter>
    </ClInclude>
    <ClInclude Include="libraries\resilientTask\ResilientTask.hpp">
      <Filter>libraries\resilientTask</Filter>
    </ClInclude>
    <ClInclude Include="libraries\communicator\SystemParameters.h">
      <Filter>libraries\communicator</Filter>
    </ClInclude>
    <ClInclude Include="libraries\resilientModbusMaster\ResilientModbusMaster.hpp">
      <Filter>libraries\resilientModbusMaster</Filter>
    </ClInclude>
    <ClInclude Include="libraries\device\Device.h">
      <Filter>libraries\device</Filter>
    </ClInclude>
    <ClInclude Include="libraries\slave\Slave.hpp">
      <Filter>libraries\slave</Filter>
    </ClInclude>
    <ClInclude Include="libraries\master\Master.hpp">
      <Filter>libraries\master</Filter>
    </ClInclude>
    <ClInclude Include="libraries\deviceDirectory\DeviceDirectory.hpp">
      <Filter>libraries\deviceDirectory</Filter>
    </ClInclude>
    <ClInclude Include="libraries\asyncAwait\AsyncAwait.hpp">
      <Filter>libraries\asyncAwait</Filter>
    </ClInclude>
    <ClInclude Include="libraries\tuple\Tuple.hpp">
      <Filter>libraries\tuple</Filter>
    </ClInclude>
    <ClInclude Include="mock\MockableResilientModbusMaster.hpp">
      <Filter>mock</Filter>
    </ClInclude>
    <ClInclude Include="libraries\timeManager\TimeManager.h">
      <Filter>libraries\timeManager</Filter>
    </ClInclude>
    <ClInclude Include="libraries\device\DataCollectorDevice.h">
      <Filter>libraries\device</Filter>
    </ClInclude>
    <ClInclude Include="libraries\deviceDirectoryRow\DeviceDirectoryRow.h">
      <Filter>libraries\deviceDirectoryRow</Filter>
    </ClInclude>
    <ClInclude Include="libraries\device\DataTransmitterDevice.h">
      <Filter>libraries\device</Filter>
    </ClInclude>
    <ClInclude Include="libraries\bitFunctions\BitFunctions.hpp">
      <Filter>libraries\bitFunctions</Filter>
    </ClInclude>
  </ItemGroup>
  <ItemGroup>
    <Filter Include="General">
      <UniqueIdentifier>{3872f431-4ae4-4ba9-bbfb-9a0990fa0489}</UniqueIdentifier>
    </Filter>
    <Filter Include="libraries">
      <UniqueIdentifier>{e32dfab6-bbd5-4fc1-b739-9e3adbd79973}</UniqueIdentifier>
    </Filter>
    <Filter Include="libraries\modbusSlave">
      <UniqueIdentifier>{cec90256-5063-40a0-96cb-e29a013d3f7e}</UniqueIdentifier>
    </Filter>
    <Filter Include="libraries\modbusMaster">
      <UniqueIdentifier>{d339af96-ea19-4c30-85cb-a00e004fa00f}</UniqueIdentifier>
    </Filter>
    <Filter Include="mock">
      <UniqueIdentifier>{db1f2a1f-0c1c-4ba6-a9a4-d0c08a01e5fd}</UniqueIdentifier>
    </Filter>
    <Filter Include="interfaces">
      <UniqueIdentifier>{e91c64f8-ec29-45b5-8f98-1545b350a03a}</UniqueIdentifier>
    </Filter>
    <Filter Include="noArduino">
      <UniqueIdentifier>{f2524c70-9ccf-4176-b99d-9e11b69af7a4}</UniqueIdentifier>
    </Filter>
    <Filter Include="libraries\modbus">
      <UniqueIdentifier>{ff1b4742-bef6-4206-8208-a2a8c12cde49}</UniqueIdentifier>
    </Filter>
    <Filter Include="libraries\modbusHelpers">
      <UniqueIdentifier>{98765850-cd37-4bb5-b89c-8bc84e543526}</UniqueIdentifier>
    </Filter>
    <Filter Include="libraries\arduinoClasses">
      <UniqueIdentifier>{5b12c040-ca27-4a80-9942-f934e5b34c1b}</UniqueIdentifier>
    </Filter>
    <Filter Include="libraries\random">
      <UniqueIdentifier>{c2aeb6fb-1a17-411e-b82a-d4700ad5cb0d}</UniqueIdentifier>
    </Filter>
    <Filter Include="libraries\resilientTask">
      <UniqueIdentifier>{f8f3a419-aad4-4e29-ad44-407d162404c8}</UniqueIdentifier>
    </Filter>
    <Filter Include="libraries\communicator">
      <UniqueIdentifier>{e7d96ce1-17fd-478b-afcc-9c36519c960d}</UniqueIdentifier>
    </Filter>
    <Filter Include="libraries\resilientModbusMaster">
      <UniqueIdentifier>{21a065f3-f725-4ba1-a814-e849226023c0}</UniqueIdentifier>
    </Filter>
    <Filter Include="libraries\slave">
      <UniqueIdentifier>{6cf68dfa-336b-4426-9220-35c849c71d2b}</UniqueIdentifier>
    </Filter>
    <Filter Include="libraries\device">
      <UniqueIdentifier>{3960a640-6ccb-4635-bb05-9f350ca8ca16}</UniqueIdentifier>
    </Filter>
    <Filter Include="libraries\master">
      <UniqueIdentifier>{381037e7-f841-4ec6-848c-73c45a4c5b9e}</UniqueIdentifier>
    </Filter>
    <Filter Include="libraries\masterSlave">
      <UniqueIdentifier>{b415e0ad-6739-4659-bad6-ad14b514befe}</UniqueIdentifier>
    </Filter>
    <Filter Include="libraries\deviceDirectory">
      <UniqueIdentifier>{3d0f5a63-d783-4c2b-ae53-576ce23aaf32}</UniqueIdentifier>
    </Filter>
    <Filter Include="libraries\asyncAwait">
      <UniqueIdentifier>{dcbb5ec3-39ad-4f8d-9997-1d07810a33b6}</UniqueIdentifier>
    </Filter>
    <Filter Include="libraries\tuple">
      <UniqueIdentifier>{ec4b1875-2445-4a02-ae32-6a1f46b34223}</UniqueIdentifier>
    </Filter>
    <Filter Include="libraries\timeManager">
      <UniqueIdentifier>{c51af149-c9bf-412f-8913-74bb8804bd90}</UniqueIdentifier>
    </Filter>
    <Filter Include="libraries\bitFunctions">
      <UniqueIdentifier>{d721da3a-2911-4828-afad-057f7e926566}</UniqueIdentifier>
    </Filter>
    <Filter Include="libraries\deviceDirectoryRow">
      <UniqueIdentifier>{51098368-c398-4355-ae02-273a94fb7c38}</UniqueIdentifier>
    </Filter>
  </ItemGroup>
  <ItemGroup>
    <None Include="libraries\master\cpp.hint">
      <Filter>libraries\master</Filter>
    </None>
  </ItemGroup>
</Project>